// !$*UTF8*$!
{
	archiveVersion = 1;
	classes = {
	};
	objectVersion = 46;
	objects = {

/* Begin PBXBuildFile section */
		0B34794D19CF3DB400A9B3F1 /* App Icon Design v3.png in Resources */ = {isa = PBXBuildFile; fileRef = 0B34794C19CF3DB400A9B3F1 /* App Icon Design v3.png */; };
		0B34794F19CF93C700A9B3F1 /* App Icon Design v4.png in Resources */ = {isa = PBXBuildFile; fileRef = 0B34794E19CF93C700A9B3F1 /* App Icon Design v4.png */; };
		0B34796319D4DBBE00A9B3F1 /* Clock.png in Resources */ = {isa = PBXBuildFile; fileRef = 0B34795E19D4DBBE00A9B3F1 /* Clock.png */; };
		0B34796419D4DBBE00A9B3F1 /* Groups.png in Resources */ = {isa = PBXBuildFile; fileRef = 0B34795F19D4DBBE00A9B3F1 /* Groups.png */; };
		0B34796519D4DBBE00A9B3F1 /* Inbox.png in Resources */ = {isa = PBXBuildFile; fileRef = 0B34796019D4DBBE00A9B3F1 /* Inbox.png */; };
		0B34796619D4DBBE00A9B3F1 /* Profile.png in Resources */ = {isa = PBXBuildFile; fileRef = 0B34796119D4DBBE00A9B3F1 /* Profile.png */; };
		0B34796719D4DBBE00A9B3F1 /* Slide Menu button - large.png in Resources */ = {isa = PBXBuildFile; fileRef = 0B34796219D4DBBE00A9B3F1 /* Slide Menu button - large.png */; };
		0B7C9BDF19C27EE800BD6772 /* Logo Design 2.psd in Resources */ = {isa = PBXBuildFile; fileRef = 0B7C9BDE19C27EE800BD6772 /* Logo Design 2.psd */; };
		0B7C9BE119C2844100BD6772 /* Logo Design 2.png in Resources */ = {isa = PBXBuildFile; fileRef = 0B7C9BE019C2844100BD6772 /* Logo Design 2.png */; };
		0B7C9BE419C507E700BD6772 /* EADMapViewController.m in Sources */ = {isa = PBXBuildFile; fileRef = 0B7C9BE319C507E700BD6772 /* EADMapViewController.m */; };
		0B7C9BE719C5128500BD6772 /* Loading Page.jpg in Resources */ = {isa = PBXBuildFile; fileRef = 0B7C9BE519C5128500BD6772 /* Loading Page.jpg */; };
		0B7C9BE819C5128500BD6772 /* App Icon Design v2.jpg in Resources */ = {isa = PBXBuildFile; fileRef = 0B7C9BE619C5128500BD6772 /* App Icon Design v2.jpg */; };
		0B7C9BEA19C7811200BD6772 /* Background.jpg in Resources */ = {isa = PBXBuildFile; fileRef = 0B7C9BE919C7811200BD6772 /* Background.jpg */; };
		0B89FFAE19BE52E90077E029 /* Foundation.framework in Frameworks */ = {isa = PBXBuildFile; fileRef = 0B89FFAD19BE52E90077E029 /* Foundation.framework */; };
		0B89FFB019BE52E90077E029 /* CoreGraphics.framework in Frameworks */ = {isa = PBXBuildFile; fileRef = 0B89FFAF19BE52E90077E029 /* CoreGraphics.framework */; };
		0B89FFB219BE52E90077E029 /* UIKit.framework in Frameworks */ = {isa = PBXBuildFile; fileRef = 0B89FFB119BE52E90077E029 /* UIKit.framework */; };
		0B89FFB819BE52E90077E029 /* InfoPlist.strings in Resources */ = {isa = PBXBuildFile; fileRef = 0B89FFB619BE52E90077E029 /* InfoPlist.strings */; };
		0B89FFBA19BE52E90077E029 /* main.m in Sources */ = {isa = PBXBuildFile; fileRef = 0B89FFB919BE52E90077E029 /* main.m */; };
		0B89FFBE19BE52E90077E029 /* EADAppDelegate.m in Sources */ = {isa = PBXBuildFile; fileRef = 0B89FFBD19BE52E90077E029 /* EADAppDelegate.m */; };
		0B89FFC119BE52E90077E029 /* Main.storyboard in Resources */ = {isa = PBXBuildFile; fileRef = 0B89FFBF19BE52E90077E029 /* Main.storyboard */; };
		0B89FFC419BE52E90077E029 /* EADViewController.m in Sources */ = {isa = PBXBuildFile; fileRef = 0B89FFC319BE52E90077E029 /* EADViewController.m */; };
		0B89FFC619BE52E90077E029 /* Images.xcassets in Resources */ = {isa = PBXBuildFile; fileRef = 0B89FFC519BE52E90077E029 /* Images.xcassets */; };
		0B89FFCD19BE52E90077E029 /* XCTest.framework in Frameworks */ = {isa = PBXBuildFile; fileRef = 0B89FFCC19BE52E90077E029 /* XCTest.framework */; };
		0B89FFCE19BE52E90077E029 /* Foundation.framework in Frameworks */ = {isa = PBXBuildFile; fileRef = 0B89FFAD19BE52E90077E029 /* Foundation.framework */; };
		0B89FFCF19BE52E90077E029 /* UIKit.framework in Frameworks */ = {isa = PBXBuildFile; fileRef = 0B89FFB119BE52E90077E029 /* UIKit.framework */; };
		0B89FFD719BE52E90077E029 /* InfoPlist.strings in Resources */ = {isa = PBXBuildFile; fileRef = 0B89FFD519BE52E90077E029 /* InfoPlist.strings */; };
		0B89FFD919BE52EA0077E029 /* LiveNowTests.m in Sources */ = {isa = PBXBuildFile; fileRef = 0B89FFD819BE52E90077E029 /* LiveNowTests.m */; };
		0B89FFE619BE547D0077E029 /* MapKit.framework in Frameworks */ = {isa = PBXBuildFile; fileRef = 0B89FFE519BE547D0077E029 /* MapKit.framework */; };
		1412AAAE19CADF6B008052B5 /* Postman.m in Sources */ = {isa = PBXBuildFile; fileRef = 1412AAAD19CADF6B008052B5 /* Postman.m */; };
		1412AAB119CADFA1008052B5 /* Constants.m in Sources */ = {isa = PBXBuildFile; fileRef = 1412AAB019CADFA1008052B5 /* Constants.m */; };
		1412AAB419CAE13F008052B5 /* URLRequest.m in Sources */ = {isa = PBXBuildFile; fileRef = 1412AAB319CAE13F008052B5 /* URLRequest.m */; };
		143585C819CA422C007F03DF /* iconSlide.png in Resources */ = {isa = PBXBuildFile; fileRef = 143585BA19CA422C007F03DF /* iconSlide.png */; };
		143585C919CA422C007F03DF /* iconSlide@2x.png in Resources */ = {isa = PBXBuildFile; fileRef = 143585BB19CA422C007F03DF /* iconSlide@2x.png */; };
		143585CA19CA422C007F03DF /* iconSlideBlack.png in Resources */ = {isa = PBXBuildFile; fileRef = 143585BC19CA422C007F03DF /* iconSlideBlack.png */; };
		143585CB19CA422C007F03DF /* iconSlideBlack@2x.png in Resources */ = {isa = PBXBuildFile; fileRef = 143585BD19CA422C007F03DF /* iconSlideBlack@2x.png */; };
		143585CC19CA422C007F03DF /* AMSlideOutGlobals.m in Sources */ = {isa = PBXBuildFile; fileRef = 143585BF19CA422C007F03DF /* AMSlideOutGlobals.m */; };
		143585CD19CA422C007F03DF /* AMSlideOutNavigationController.m in Sources */ = {isa = PBXBuildFile; fileRef = 143585C119CA422C007F03DF /* AMSlideOutNavigationController.m */; };
		143585CE19CA422C007F03DF /* AMSlideTableCell.m in Sources */ = {isa = PBXBuildFile; fileRef = 143585C319CA422C007F03DF /* AMSlideTableCell.m */; };
		143585CF19CA422C007F03DF /* AMSlideTableHeader.m in Sources */ = {isa = PBXBuildFile; fileRef = 143585C519CA422C007F03DF /* AMSlideTableHeader.m */; };
		143585D019CA422C007F03DF /* AMTableView.m in Sources */ = {isa = PBXBuildFile; fileRef = 143585C719CA422C007F03DF /* AMTableView.m */; };
		143585D619CA4239007F03DF /* logout.png in Resources */ = {isa = PBXBuildFile; fileRef = 143585D119CA4239007F03DF /* logout.png */; };
		143585E319CA5786007F03DF /* EADEventsViewController.m in Sources */ = {isa = PBXBuildFile; fileRef = 143585E219CA5786007F03DF /* EADEventsViewController.m */; };
		143585E619CA5796007F03DF /* EADGroupsViewController.m in Sources */ = {isa = PBXBuildFile; fileRef = 143585E519CA5796007F03DF /* EADGroupsViewController.m */; };
		143585E919CA57AE007F03DF /* EADProfileViewController.m in Sources */ = {isa = PBXBuildFile; fileRef = 143585E819CA57AE007F03DF /* EADProfileViewController.m */; };
		143585EC19CA57BF007F03DF /* EADInboxViewController.m in Sources */ = {isa = PBXBuildFile; fileRef = 143585EB19CA57BF007F03DF /* EADInboxViewController.m */; };
		143585EE19CA592C007F03DF /* map.png in Resources */ = {isa = PBXBuildFile; fileRef = 143585ED19CA592C007F03DF /* map.png */; };
		143585F019CA5EB9007F03DF /* App Icon Design v3.jpg in Resources */ = {isa = PBXBuildFile; fileRef = 143585EF19CA5EB8007F03DF /* App Icon Design v3.jpg */; };
		146A4DEF19D1827700C0182B /* FacebookSDK.framework in Frameworks */ = {isa = PBXBuildFile; fileRef = 146A4DEE19D1827700C0182B /* FacebookSDK.framework */; };
		146A4DF319D182FC00C0182B /* UserInfo.m in Sources */ = {isa = PBXBuildFile; fileRef = 146A4DF219D182FC00C0182B /* UserInfo.m */; };
		146A4DF619D213E100C0182B /* EADInterestsViewController.m in Sources */ = {isa = PBXBuildFile; fileRef = 146A4DF519D213E100C0182B /* EADInterestsViewController.m */; };
		146A4DF819D2D73800C0182B /* favorite.png in Resources */ = {isa = PBXBuildFile; fileRef = 146A4DF719D2D73800C0182B /* favorite.png */; };
		146A4DFA19D4044300C0182B /* search.png in Resources */ = {isa = PBXBuildFile; fileRef = 146A4DF919D4044300C0182B /* search.png */; };
		146A4DFD19D40D6900C0182B /* EADImagePickerViewController.m in Sources */ = {isa = PBXBuildFile; fileRef = 146A4DFC19D40D6900C0182B /* EADImagePickerViewController.m */; };
		4E7426FA19064789A9742C32 /* libPods.a in Frameworks */ = {isa = PBXBuildFile; fileRef = AC784B86182D40378C40F2DA /* libPods.a */; };
/* End PBXBuildFile section */

/* Begin PBXContainerItemProxy section */
		0B89FFD019BE52E90077E029 /* PBXContainerItemProxy */ = {
			isa = PBXContainerItemProxy;
			containerPortal = 0B89FFA219BE52E90077E029 /* Project object */;
			proxyType = 1;
			remoteGlobalIDString = 0B89FFA919BE52E90077E029;
			remoteInfo = LiveNow;
		};
/* End PBXContainerItemProxy section */

/* Begin PBXFileReference section */
		0B34794C19CF3DB400A9B3F1 /* App Icon Design v3.png */ = {isa = PBXFileReference; lastKnownFileType = image.png; path = "App Icon Design v3.png"; sourceTree = "<group>"; };
		0B34794E19CF93C700A9B3F1 /* App Icon Design v4.png */ = {isa = PBXFileReference; lastKnownFileType = image.png; path = "App Icon Design v4.png"; sourceTree = "<group>"; };
		0B34795E19D4DBBE00A9B3F1 /* Clock.png */ = {isa = PBXFileReference; lastKnownFileType = image.png; path = Clock.png; sourceTree = "<group>"; };
		0B34795F19D4DBBE00A9B3F1 /* Groups.png */ = {isa = PBXFileReference; lastKnownFileType = image.png; path = Groups.png; sourceTree = "<group>"; };
		0B34796019D4DBBE00A9B3F1 /* Inbox.png */ = {isa = PBXFileReference; lastKnownFileType = image.png; path = Inbox.png; sourceTree = "<group>"; };
		0B34796119D4DBBE00A9B3F1 /* Profile.png */ = {isa = PBXFileReference; lastKnownFileType = image.png; path = Profile.png; sourceTree = "<group>"; };
		0B34796219D4DBBE00A9B3F1 /* Slide Menu button - large.png */ = {isa = PBXFileReference; lastKnownFileType = image.png; path = "Slide Menu button - large.png"; sourceTree = "<group>"; };
		0B7C9BDE19C27EE800BD6772 /* Logo Design 2.psd */ = {isa = PBXFileReference; lastKnownFileType = file; path = "Logo Design 2.psd"; sourceTree = "<group>"; };
		0B7C9BE019C2844100BD6772 /* Logo Design 2.png */ = {isa = PBXFileReference; lastKnownFileType = image.png; path = "Logo Design 2.png"; sourceTree = "<group>"; };
		0B7C9BE219C507E700BD6772 /* EADMapViewController.h */ = {isa = PBXFileReference; fileEncoding = 4; lastKnownFileType = sourcecode.c.h; path = EADMapViewController.h; sourceTree = "<group>"; };
		0B7C9BE319C507E700BD6772 /* EADMapViewController.m */ = {isa = PBXFileReference; fileEncoding = 4; lastKnownFileType = sourcecode.c.objc; path = EADMapViewController.m; sourceTree = "<group>"; };
		0B7C9BE519C5128500BD6772 /* Loading Page.jpg */ = {isa = PBXFileReference; lastKnownFileType = image.jpeg; path = "Loading Page.jpg"; sourceTree = "<group>"; };
		0B7C9BE619C5128500BD6772 /* App Icon Design v2.jpg */ = {isa = PBXFileReference; lastKnownFileType = image.jpeg; path = "App Icon Design v2.jpg"; sourceTree = "<group>"; };
		0B7C9BE919C7811200BD6772 /* Background.jpg */ = {isa = PBXFileReference; lastKnownFileType = image.jpeg; path = Background.jpg; sourceTree = "<group>"; };
		0B89FFAA19BE52E90077E029 /* LiveNow.app */ = {isa = PBXFileReference; explicitFileType = wrapper.application; includeInIndex = 0; path = LiveNow.app; sourceTree = BUILT_PRODUCTS_DIR; };
		0B89FFAD19BE52E90077E029 /* Foundation.framework */ = {isa = PBXFileReference; lastKnownFileType = wrapper.framework; name = Foundation.framework; path = System/Library/Frameworks/Foundation.framework; sourceTree = SDKROOT; };
		0B89FFAF19BE52E90077E029 /* CoreGraphics.framework */ = {isa = PBXFileReference; lastKnownFileType = wrapper.framework; name = CoreGraphics.framework; path = System/Library/Frameworks/CoreGraphics.framework; sourceTree = SDKROOT; };
		0B89FFB119BE52E90077E029 /* UIKit.framework */ = {isa = PBXFileReference; lastKnownFileType = wrapper.framework; name = UIKit.framework; path = System/Library/Frameworks/UIKit.framework; sourceTree = SDKROOT; };
		0B89FFB519BE52E90077E029 /* LiveNow-Info.plist */ = {isa = PBXFileReference; lastKnownFileType = text.plist.xml; path = "LiveNow-Info.plist"; sourceTree = "<group>"; };
		0B89FFB719BE52E90077E029 /* en */ = {isa = PBXFileReference; lastKnownFileType = text.plist.strings; name = en; path = en.lproj/InfoPlist.strings; sourceTree = "<group>"; };
		0B89FFB919BE52E90077E029 /* main.m */ = {isa = PBXFileReference; lastKnownFileType = sourcecode.c.objc; path = main.m; sourceTree = "<group>"; };
		0B89FFBB19BE52E90077E029 /* LiveNow-Prefix.pch */ = {isa = PBXFileReference; lastKnownFileType = sourcecode.c.h; path = "LiveNow-Prefix.pch"; sourceTree = "<group>"; };
		0B89FFBC19BE52E90077E029 /* EADAppDelegate.h */ = {isa = PBXFileReference; lastKnownFileType = sourcecode.c.h; path = EADAppDelegate.h; sourceTree = "<group>"; };
		0B89FFBD19BE52E90077E029 /* EADAppDelegate.m */ = {isa = PBXFileReference; lastKnownFileType = sourcecode.c.objc; path = EADAppDelegate.m; sourceTree = "<group>"; };
		0B89FFC019BE52E90077E029 /* Base */ = {isa = PBXFileReference; lastKnownFileType = file.storyboard; name = Base; path = Base.lproj/Main.storyboard; sourceTree = "<group>"; };
		0B89FFC219BE52E90077E029 /* EADViewController.h */ = {isa = PBXFileReference; lastKnownFileType = sourcecode.c.h; path = EADViewController.h; sourceTree = "<group>"; };
		0B89FFC319BE52E90077E029 /* EADViewController.m */ = {isa = PBXFileReference; lastKnownFileType = sourcecode.c.objc; path = EADViewController.m; sourceTree = "<group>"; };
		0B89FFC519BE52E90077E029 /* Images.xcassets */ = {isa = PBXFileReference; lastKnownFileType = folder.assetcatalog; path = Images.xcassets; sourceTree = "<group>"; };
		0B89FFCB19BE52E90077E029 /* LiveNowTests.xctest */ = {isa = PBXFileReference; explicitFileType = wrapper.cfbundle; includeInIndex = 0; path = LiveNowTests.xctest; sourceTree = BUILT_PRODUCTS_DIR; };
		0B89FFCC19BE52E90077E029 /* XCTest.framework */ = {isa = PBXFileReference; lastKnownFileType = wrapper.framework; name = XCTest.framework; path = Library/Frameworks/XCTest.framework; sourceTree = DEVELOPER_DIR; };
		0B89FFD419BE52E90077E029 /* LiveNowTests-Info.plist */ = {isa = PBXFileReference; lastKnownFileType = text.plist.xml; path = "LiveNowTests-Info.plist"; sourceTree = "<group>"; };
		0B89FFD619BE52E90077E029 /* en */ = {isa = PBXFileReference; lastKnownFileType = text.plist.strings; name = en; path = en.lproj/InfoPlist.strings; sourceTree = "<group>"; };
		0B89FFD819BE52E90077E029 /* LiveNowTests.m */ = {isa = PBXFileReference; lastKnownFileType = sourcecode.c.objc; path = LiveNowTests.m; sourceTree = "<group>"; };
		0B89FFE519BE547D0077E029 /* MapKit.framework */ = {isa = PBXFileReference; lastKnownFileType = wrapper.framework; name = MapKit.framework; path = System/Library/Frameworks/MapKit.framework; sourceTree = SDKROOT; };
		1412AAAC19CADF6B008052B5 /* Postman.h */ = {isa = PBXFileReference; fileEncoding = 4; lastKnownFileType = sourcecode.c.h; path = Postman.h; sourceTree = "<group>"; };
		1412AAAD19CADF6B008052B5 /* Postman.m */ = {isa = PBXFileReference; fileEncoding = 4; lastKnownFileType = sourcecode.c.objc; path = Postman.m; sourceTree = "<group>"; };
		1412AAAF19CADFA1008052B5 /* Constants.h */ = {isa = PBXFileReference; fileEncoding = 4; lastKnownFileType = sourcecode.c.h; path = Constants.h; sourceTree = "<group>"; };
		1412AAB019CADFA1008052B5 /* Constants.m */ = {isa = PBXFileReference; fileEncoding = 4; lastKnownFileType = sourcecode.c.objc; path = Constants.m; sourceTree = "<group>"; };
		1412AAB219CAE13F008052B5 /* URLRequest.h */ = {isa = PBXFileReference; fileEncoding = 4; lastKnownFileType = sourcecode.c.h; path = URLRequest.h; sourceTree = "<group>"; };
		1412AAB319CAE13F008052B5 /* URLRequest.m */ = {isa = PBXFileReference; fileEncoding = 4; lastKnownFileType = sourcecode.c.objc; path = URLRequest.m; sourceTree = "<group>"; };
		143585BA19CA422C007F03DF /* iconSlide.png */ = {isa = PBXFileReference; lastKnownFileType = image.png; path = iconSlide.png; sourceTree = "<group>"; };
		143585BB19CA422C007F03DF /* iconSlide@2x.png */ = {isa = PBXFileReference; lastKnownFileType = image.png; path = "iconSlide@2x.png"; sourceTree = "<group>"; };
		143585BC19CA422C007F03DF /* iconSlideBlack.png */ = {isa = PBXFileReference; lastKnownFileType = image.png; path = iconSlideBlack.png; sourceTree = "<group>"; };
		143585BD19CA422C007F03DF /* iconSlideBlack@2x.png */ = {isa = PBXFileReference; lastKnownFileType = image.png; path = "iconSlideBlack@2x.png"; sourceTree = "<group>"; };
		143585BE19CA422C007F03DF /* AMSlideOutGlobals.h */ = {isa = PBXFileReference; fileEncoding = 4; lastKnownFileType = sourcecode.c.h; path = AMSlideOutGlobals.h; sourceTree = "<group>"; };
		143585BF19CA422C007F03DF /* AMSlideOutGlobals.m */ = {isa = PBXFileReference; fileEncoding = 4; lastKnownFileType = sourcecode.c.objc; path = AMSlideOutGlobals.m; sourceTree = "<group>"; };
		143585C019CA422C007F03DF /* AMSlideOutNavigationController.h */ = {isa = PBXFileReference; fileEncoding = 4; lastKnownFileType = sourcecode.c.h; path = AMSlideOutNavigationController.h; sourceTree = "<group>"; };
		143585C119CA422C007F03DF /* AMSlideOutNavigationController.m */ = {isa = PBXFileReference; fileEncoding = 4; lastKnownFileType = sourcecode.c.objc; path = AMSlideOutNavigationController.m; sourceTree = "<group>"; };
		143585C219CA422C007F03DF /* AMSlideTableCell.h */ = {isa = PBXFileReference; fileEncoding = 4; lastKnownFileType = sourcecode.c.h; path = AMSlideTableCell.h; sourceTree = "<group>"; };
		143585C319CA422C007F03DF /* AMSlideTableCell.m */ = {isa = PBXFileReference; fileEncoding = 4; lastKnownFileType = sourcecode.c.objc; path = AMSlideTableCell.m; sourceTree = "<group>"; };
		143585C419CA422C007F03DF /* AMSlideTableHeader.h */ = {isa = PBXFileReference; fileEncoding = 4; lastKnownFileType = sourcecode.c.h; path = AMSlideTableHeader.h; sourceTree = "<group>"; };
		143585C519CA422C007F03DF /* AMSlideTableHeader.m */ = {isa = PBXFileReference; fileEncoding = 4; lastKnownFileType = sourcecode.c.objc; path = AMSlideTableHeader.m; sourceTree = "<group>"; };
		143585C619CA422C007F03DF /* AMTableView.h */ = {isa = PBXFileReference; fileEncoding = 4; lastKnownFileType = sourcecode.c.h; path = AMTableView.h; sourceTree = "<group>"; };
		143585C719CA422C007F03DF /* AMTableView.m */ = {isa = PBXFileReference; fileEncoding = 4; lastKnownFileType = sourcecode.c.objc; path = AMTableView.m; sourceTree = "<group>"; };
		143585D119CA4239007F03DF /* logout.png */ = {isa = PBXFileReference; lastKnownFileType = image.png; path = logout.png; sourceTree = "<group>"; };
		143585E119CA5786007F03DF /* EADEventsViewController.h */ = {isa = PBXFileReference; fileEncoding = 4; lastKnownFileType = sourcecode.c.h; path = EADEventsViewController.h; sourceTree = "<group>"; };
		143585E219CA5786007F03DF /* EADEventsViewController.m */ = {isa = PBXFileReference; fileEncoding = 4; lastKnownFileType = sourcecode.c.objc; path = EADEventsViewController.m; sourceTree = "<group>"; };
		143585E419CA5796007F03DF /* EADGroupsViewController.h */ = {isa = PBXFileReference; fileEncoding = 4; lastKnownFileType = sourcecode.c.h; path = EADGroupsViewController.h; sourceTree = "<group>"; };
		143585E519CA5796007F03DF /* EADGroupsViewController.m */ = {isa = PBXFileReference; fileEncoding = 4; lastKnownFileType = sourcecode.c.objc; path = EADGroupsViewController.m; sourceTree = "<group>"; };
		143585E719CA57AE007F03DF /* EADProfileViewController.h */ = {isa = PBXFileReference; fileEncoding = 4; lastKnownFileType = sourcecode.c.h; path = EADProfileViewController.h; sourceTree = "<group>"; };
		143585E819CA57AE007F03DF /* EADProfileViewController.m */ = {isa = PBXFileReference; fileEncoding = 4; lastKnownFileType = sourcecode.c.objc; path = EADProfileViewController.m; sourceTree = "<group>"; };
		143585EA19CA57BF007F03DF /* EADInboxViewController.h */ = {isa = PBXFileReference; fileEncoding = 4; lastKnownFileType = sourcecode.c.h; path = EADInboxViewController.h; sourceTree = "<group>"; };
		143585EB19CA57BF007F03DF /* EADInboxViewController.m */ = {isa = PBXFileReference; fileEncoding = 4; lastKnownFileType = sourcecode.c.objc; path = EADInboxViewController.m; sourceTree = "<group>"; };
		143585ED19CA592C007F03DF /* map.png */ = {isa = PBXFileReference; lastKnownFileType = image.png; path = map.png; sourceTree = "<group>"; };
		143585EF19CA5EB8007F03DF /* App Icon Design v3.jpg */ = {isa = PBXFileReference; lastKnownFileType = image.jpeg; path = "App Icon Design v3.jpg"; sourceTree = "<group>"; };
		146A4DEE19D1827700C0182B /* FacebookSDK.framework */ = {isa = PBXFileReference; lastKnownFileType = wrapper.framework; path = FacebookSDK.framework; sourceTree = "<group>"; };
		146A4DF119D182FC00C0182B /* UserInfo.h */ = {isa = PBXFileReference; fileEncoding = 4; lastKnownFileType = sourcecode.c.h; path = UserInfo.h; sourceTree = "<group>"; };
		146A4DF219D182FC00C0182B /* UserInfo.m */ = {isa = PBXFileReference; fileEncoding = 4; lastKnownFileType = sourcecode.c.objc; path = UserInfo.m; sourceTree = "<group>"; };
		146A4DF419D213E100C0182B /* EADInterestsViewController.h */ = {isa = PBXFileReference; fileEncoding = 4; lastKnownFileType = sourcecode.c.h; path = EADInterestsViewController.h; sourceTree = "<group>"; };
		146A4DF519D213E100C0182B /* EADInterestsViewController.m */ = {isa = PBXFileReference; fileEncoding = 4; lastKnownFileType = sourcecode.c.objc; path = EADInterestsViewController.m; sourceTree = "<group>"; };
		146A4DF719D2D73800C0182B /* favorite.png */ = {isa = PBXFileReference; lastKnownFileType = image.png; path = favorite.png; sourceTree = "<group>"; };
		146A4DF919D4044300C0182B /* search.png */ = {isa = PBXFileReference; lastKnownFileType = image.png; path = search.png; sourceTree = "<group>"; };
		146A4DFB19D40D6900C0182B /* EADImagePickerViewController.h */ = {isa = PBXFileReference; fileEncoding = 4; lastKnownFileType = sourcecode.c.h; path = EADImagePickerViewController.h; sourceTree = "<group>"; };
		146A4DFC19D40D6900C0182B /* EADImagePickerViewController.m */ = {isa = PBXFileReference; fileEncoding = 4; lastKnownFileType = sourcecode.c.objc; path = EADImagePickerViewController.m; sourceTree = "<group>"; };
		71A37F40930C4A9A8C3E9E21 /* Pods.xcconfig */ = {isa = PBXFileReference; includeInIndex = 1; lastKnownFileType = text.xcconfig; name = Pods.xcconfig; path = Pods/Pods.xcconfig; sourceTree = "<group>"; };
		AC784B86182D40378C40F2DA /* libPods.a */ = {isa = PBXFileReference; explicitFileType = archive.ar; includeInIndex = 0; path = libPods.a; sourceTree = BUILT_PRODUCTS_DIR; };
/* End PBXFileReference section */

/* Begin PBXFrameworksBuildPhase section */
		0B89FFA719BE52E90077E029 /* Frameworks */ = {
			isa = PBXFrameworksBuildPhase;
			buildActionMask = 2147483647;
			files = (
				0B89FFB019BE52E90077E029 /* CoreGraphics.framework in Frameworks */,
				0B89FFB219BE52E90077E029 /* UIKit.framework in Frameworks */,
				0B89FFE619BE547D0077E029 /* MapKit.framework in Frameworks */,
				0B89FFAE19BE52E90077E029 /* Foundation.framework in Frameworks */,
				4E7426FA19064789A9742C32 /* libPods.a in Frameworks */,
				146A4DEF19D1827700C0182B /* FacebookSDK.framework in Frameworks */,
			);
			runOnlyForDeploymentPostprocessing = 0;
		};
		0B89FFC819BE52E90077E029 /* Frameworks */ = {
			isa = PBXFrameworksBuildPhase;
			buildActionMask = 2147483647;
			files = (
				0B89FFCD19BE52E90077E029 /* XCTest.framework in Frameworks */,
				0B89FFCF19BE52E90077E029 /* UIKit.framework in Frameworks */,
				0B89FFCE19BE52E90077E029 /* Foundation.framework in Frameworks */,
			);
			runOnlyForDeploymentPostprocessing = 0;
		};
/* End PBXFrameworksBuildPhase section */

/* Begin PBXGroup section */
		0B89FFA119BE52E90077E029 = {
			isa = PBXGroup;
			children = (
				0B89FFB319BE52E90077E029 /* LiveNow */,
				0B89FFD219BE52E90077E029 /* LiveNowTests */,
				0B89FFAC19BE52E90077E029 /* Frameworks */,
				0B89FFAB19BE52E90077E029 /* Products */,
				71A37F40930C4A9A8C3E9E21 /* Pods.xcconfig */,
			);
			sourceTree = "<group>";
		};
		0B89FFAB19BE52E90077E029 /* Products */ = {
			isa = PBXGroup;
			children = (
				0B89FFAA19BE52E90077E029 /* LiveNow.app */,
				0B89FFCB19BE52E90077E029 /* LiveNowTests.xctest */,
			);
			name = Products;
			sourceTree = "<group>";
		};
		0B89FFAC19BE52E90077E029 /* Frameworks */ = {
			isa = PBXGroup;
			children = (
				146A4DEE19D1827700C0182B /* FacebookSDK.framework */,
				0B89FFE519BE547D0077E029 /* MapKit.framework */,
				0B89FFAD19BE52E90077E029 /* Foundation.framework */,
				0B89FFAF19BE52E90077E029 /* CoreGraphics.framework */,
				0B89FFB119BE52E90077E029 /* UIKit.framework */,
				0B89FFCC19BE52E90077E029 /* XCTest.framework */,
				AC784B86182D40378C40F2DA /* libPods.a */,
			);
			name = Frameworks;
			sourceTree = "<group>";
		};
		0B89FFB319BE52E90077E029 /* LiveNow */ = {
			isa = PBXGroup;
			children = (
				146A4DF019D182F100C0182B /* Models */,
				143585B919CA4204007F03DF /* SlideNav */,
				0B89FFE419BE53190077E029 /* DataServices */,
				0B89FFE319BE530F0077E029 /* Views */,
				0B89FFE219BE53000077E029 /* Controllers */,
				0B89FFBC19BE52E90077E029 /* EADAppDelegate.h */,
				0B89FFBD19BE52E90077E029 /* EADAppDelegate.m */,
				0B89FFBF19BE52E90077E029 /* Main.storyboard */,
				143585EF19CA5EB8007F03DF /* App Icon Design v3.jpg */,
				0B89FFC519BE52E90077E029 /* Images.xcassets */,
				0B34794E19CF93C700A9B3F1 /* App Icon Design v4.png */,
				0B34794C19CF3DB400A9B3F1 /* App Icon Design v3.png */,
				0B7C9BE919C7811200BD6772 /* Background.jpg */,
				0B7C9BE619C5128500BD6772 /* App Icon Design v2.jpg */,
				0B7C9BE519C5128500BD6772 /* Loading Page.jpg */,
				0B7C9BE019C2844100BD6772 /* Logo Design 2.png */,
				0B7C9BDE19C27EE800BD6772 /* Logo Design 2.psd */,
				0B89FFB419BE52E90077E029 /* Supporting Files */,
			);
			path = LiveNow;
			sourceTree = "<group>";
		};
		0B89FFB419BE52E90077E029 /* Supporting Files */ = {
			isa = PBXGroup;
			children = (
				0B89FFB519BE52E90077E029 /* LiveNow-Info.plist */,
				0B89FFB619BE52E90077E029 /* InfoPlist.strings */,
				0B89FFB919BE52E90077E029 /* main.m */,
				0B89FFBB19BE52E90077E029 /* LiveNow-Prefix.pch */,
			);
			name = "Supporting Files";
			sourceTree = "<group>";
		};
		0B89FFD219BE52E90077E029 /* LiveNowTests */ = {
			isa = PBXGroup;
			children = (
				0B89FFD819BE52E90077E029 /* LiveNowTests.m */,
				0B89FFD319BE52E90077E029 /* Supporting Files */,
			);
			path = LiveNowTests;
			sourceTree = "<group>";
		};
		0B89FFD319BE52E90077E029 /* Supporting Files */ = {
			isa = PBXGroup;
			children = (
				0B89FFD419BE52E90077E029 /* LiveNowTests-Info.plist */,
				0B89FFD519BE52E90077E029 /* InfoPlist.strings */,
			);
			name = "Supporting Files";
			sourceTree = "<group>";
		};
		0B89FFE219BE53000077E029 /* Controllers */ = {
			isa = PBXGroup;
			children = (
				0B89FFC219BE52E90077E029 /* EADViewController.h */,
				0B89FFC319BE52E90077E029 /* EADViewController.m */,
				0B7C9BE219C507E700BD6772 /* EADMapViewController.h */,
				0B7C9BE319C507E700BD6772 /* EADMapViewController.m */,
				143585E119CA5786007F03DF /* EADEventsViewController.h */,
				143585E219CA5786007F03DF /* EADEventsViewController.m */,
				143585E419CA5796007F03DF /* EADGroupsViewController.h */,
				143585E519CA5796007F03DF /* EADGroupsViewController.m */,
				143585E719CA57AE007F03DF /* EADProfileViewController.h */,
				143585E819CA57AE007F03DF /* EADProfileViewController.m */,
				143585EA19CA57BF007F03DF /* EADInboxViewController.h */,
				143585EB19CA57BF007F03DF /* EADInboxViewController.m */,
				146A4DF419D213E100C0182B /* EADInterestsViewController.h */,
				146A4DF519D213E100C0182B /* EADInterestsViewController.m */,
				146A4DFB19D40D6900C0182B /* EADImagePickerViewController.h */,
				146A4DFC19D40D6900C0182B /* EADImagePickerViewController.m */,
			);
			name = Controllers;
			sourceTree = "<group>";
		};
		0B89FFE319BE530F0077E029 /* Views */ = {
			isa = PBXGroup;
			children = (
			);
			name = Views;
			sourceTree = "<group>";
		};
		0B89FFE419BE53190077E029 /* DataServices */ = {
			isa = PBXGroup;
			children = (
				1412AAB219CAE13F008052B5 /* URLRequest.h */,
				1412AAB319CAE13F008052B5 /* URLRequest.m */,
				1412AAAC19CADF6B008052B5 /* Postman.h */,
				1412AAAD19CADF6B008052B5 /* Postman.m */,
				1412AAAF19CADFA1008052B5 /* Constants.h */,
				1412AAB019CADFA1008052B5 /* Constants.m */,
			);
			name = DataServices;
			sourceTree = "<group>";
		};
		143585B919CA4204007F03DF /* SlideNav */ = {
			isa = PBXGroup;
			children = (
				0B34795E19D4DBBE00A9B3F1 /* Clock.png */,
				0B34795F19D4DBBE00A9B3F1 /* Groups.png */,
				0B34796019D4DBBE00A9B3F1 /* Inbox.png */,
				0B34796119D4DBBE00A9B3F1 /* Profile.png */,
				0B34796219D4DBBE00A9B3F1 /* Slide Menu button - large.png */,
				146A4DF919D4044300C0182B /* search.png */,
				146A4DF719D2D73800C0182B /* favorite.png */,
				143585ED19CA592C007F03DF /* map.png */,
				143585D119CA4239007F03DF /* logout.png */,
				143585BA19CA422C007F03DF /* iconSlide.png */,
				143585BB19CA422C007F03DF /* iconSlide@2x.png */,
				143585BC19CA422C007F03DF /* iconSlideBlack.png */,
				143585BD19CA422C007F03DF /* iconSlideBlack@2x.png */,
				143585BE19CA422C007F03DF /* AMSlideOutGlobals.h */,
				143585BF19CA422C007F03DF /* AMSlideOutGlobals.m */,
				143585C019CA422C007F03DF /* AMSlideOutNavigationController.h */,
				143585C119CA422C007F03DF /* AMSlideOutNavigationController.m */,
				143585C219CA422C007F03DF /* AMSlideTableCell.h */,
				143585C319CA422C007F03DF /* AMSlideTableCell.m */,
				143585C419CA422C007F03DF /* AMSlideTableHeader.h */,
				143585C519CA422C007F03DF /* AMSlideTableHeader.m */,
				143585C619CA422C007F03DF /* AMTableView.h */,
				143585C719CA422C007F03DF /* AMTableView.m */,
			);
			name = SlideNav;
			sourceTree = "<group>";
		};
		146A4DF019D182F100C0182B /* Models */ = {
			isa = PBXGroup;
			children = (
				146A4DF119D182FC00C0182B /* UserInfo.h */,
				146A4DF219D182FC00C0182B /* UserInfo.m */,
			);
			name = Models;
			sourceTree = "<group>";
		};
/* End PBXGroup section */

/* Begin PBXNativeTarget section */
		0B89FFA919BE52E90077E029 /* LiveNow */ = {
			isa = PBXNativeTarget;
			buildConfigurationList = 0B89FFDC19BE52EA0077E029 /* Build configuration list for PBXNativeTarget "LiveNow" */;
			buildPhases = (
				3E9216AED4524993B5195075 /* Check Pods Manifest.lock */,
				0B89FFA619BE52E90077E029 /* Sources */,
				0B89FFA719BE52E90077E029 /* Frameworks */,
				0B89FFA819BE52E90077E029 /* Resources */,
				12131655884749129CF66D5A /* Copy Pods Resources */,
			);
			buildRules = (
			);
			dependencies = (
			);
			name = LiveNow;
			productName = LiveNow;
			productReference = 0B89FFAA19BE52E90077E029 /* LiveNow.app */;
			productType = "com.apple.product-type.application";
		};
		0B89FFCA19BE52E90077E029 /* LiveNowTests */ = {
			isa = PBXNativeTarget;
			buildConfigurationList = 0B89FFDF19BE52EA0077E029 /* Build configuration list for PBXNativeTarget "LiveNowTests" */;
			buildPhases = (
				0B89FFC719BE52E90077E029 /* Sources */,
				0B89FFC819BE52E90077E029 /* Frameworks */,
				0B89FFC919BE52E90077E029 /* Resources */,
			);
			buildRules = (
			);
			dependencies = (
				0B89FFD119BE52E90077E029 /* PBXTargetDependency */,
			);
			name = LiveNowTests;
			productName = LiveNowTests;
			productReference = 0B89FFCB19BE52E90077E029 /* LiveNowTests.xctest */;
			productType = "com.apple.product-type.bundle.unit-test";
		};
/* End PBXNativeTarget section */

/* Begin PBXProject section */
		0B89FFA219BE52E90077E029 /* Project object */ = {
			isa = PBXProject;
			attributes = {
				CLASSPREFIX = EAD;
				LastUpgradeCheck = 0510;
				ORGANIZATIONNAME = EliteAppDesigner;
				TargetAttributes = {
					0B89FFA919BE52E90077E029 = {
						SystemCapabilities = {
							com.apple.BackgroundModes = {
								enabled = 1;
							};
							com.apple.iOS = {
								enabled = 1;
							};
						};
					};
					0B89FFCA19BE52E90077E029 = {
						TestTargetID = 0B89FFA919BE52E90077E029;
					};
				};
			};
			buildConfigurationList = 0B89FFA519BE52E90077E029 /* Build configuration list for PBXProject "LiveNow" */;
			compatibilityVersion = "Xcode 3.2";
			developmentRegion = English;
			hasScannedForEncodings = 0;
			knownRegions = (
				en,
				Base,
			);
			mainGroup = 0B89FFA119BE52E90077E029;
			productRefGroup = 0B89FFAB19BE52E90077E029 /* Products */;
			projectDirPath = "";
			projectRoot = "";
			targets = (
				0B89FFA919BE52E90077E029 /* LiveNow */,
				0B89FFCA19BE52E90077E029 /* LiveNowTests */,
			);
		};
/* End PBXProject section */

/* Begin PBXResourcesBuildPhase section */
		0B89FFA819BE52E90077E029 /* Resources */ = {
			isa = PBXResourcesBuildPhase;
			buildActionMask = 2147483647;
			files = (
				143585EE19CA592C007F03DF /* map.png in Resources */,
				0B89FFC619BE52E90077E029 /* Images.xcassets in Resources */,
				0B34796719D4DBBE00A9B3F1 /* Slide Menu button - large.png in Resources */,
				143585CB19CA422C007F03DF /* iconSlideBlack@2x.png in Resources */,
				0B7C9BE819C5128500BD6772 /* App Icon Design v2.jpg in Resources */,
				146A4DF819D2D73800C0182B /* favorite.png in Resources */,
				0B34794D19CF3DB400A9B3F1 /* App Icon Design v3.png in Resources */,
				0B7C9BE119C2844100BD6772 /* Logo Design 2.png in Resources */,
				0B7C9BDF19C27EE800BD6772 /* Logo Design 2.psd in Resources */,
				0B89FFB819BE52E90077E029 /* InfoPlist.strings in Resources */,
				0B34794F19CF93C700A9B3F1 /* App Icon Design v4.png in Resources */,
				143585F019CA5EB9007F03DF /* App Icon Design v3.jpg in Resources */,
				143585D619CA4239007F03DF /* logout.png in Resources */,
				0B89FFC119BE52E90077E029 /* Main.storyboard in Resources */,
				0B7C9BE719C5128500BD6772 /* Loading Page.jpg in Resources */,
				143585C919CA422C007F03DF /* iconSlide@2x.png in Resources */,
				0B34796519D4DBBE00A9B3F1 /* Inbox.png in Resources */,
				0B34796419D4DBBE00A9B3F1 /* Groups.png in Resources */,
				0B34796619D4DBBE00A9B3F1 /* Profile.png in Resources */,
				0B34796319D4DBBE00A9B3F1 /* Clock.png in Resources */,
				143585C819CA422C007F03DF /* iconSlide.png in Resources */,
				0B7C9BEA19C7811200BD6772 /* Background.jpg in Resources */,
				143585CA19CA422C007F03DF /* iconSlideBlack.png in Resources */,
				146A4DFA19D4044300C0182B /* search.png in Resources */,
			);
			runOnlyForDeploymentPostprocessing = 0;
		};
		0B89FFC919BE52E90077E029 /* Resources */ = {
			isa = PBXResourcesBuildPhase;
			buildActionMask = 2147483647;
			files = (
				0B89FFD719BE52E90077E029 /* InfoPlist.strings in Resources */,
			);
			runOnlyForDeploymentPostprocessing = 0;
		};
/* End PBXResourcesBuildPhase section */

/* Begin PBXShellScriptBuildPhase section */
		12131655884749129CF66D5A /* Copy Pods Resources */ = {
			isa = PBXShellScriptBuildPhase;
			buildActionMask = 2147483647;
			files = (
			);
			inputPaths = (
			);
			name = "Copy Pods Resources";
			outputPaths = (
			);
			runOnlyForDeploymentPostprocessing = 0;
			shellPath = /bin/sh;
			shellScript = "\"${SRCROOT}/Pods/Pods-resources.sh\"\n";
			showEnvVarsInLog = 0;
		};
		3E9216AED4524993B5195075 /* Check Pods Manifest.lock */ = {
			isa = PBXShellScriptBuildPhase;
			buildActionMask = 2147483647;
			files = (
			);
			inputPaths = (
			);
			name = "Check Pods Manifest.lock";
			outputPaths = (
			);
			runOnlyForDeploymentPostprocessing = 0;
			shellPath = /bin/sh;
			shellScript = "diff \"${PODS_ROOT}/../Podfile.lock\" \"${PODS_ROOT}/Manifest.lock\" > /dev/null\nif [[ $? != 0 ]] ; then\n    cat << EOM\nerror: The sandbox is not in sync with the Podfile.lock. Run 'pod install' or update your CocoaPods installation.\nEOM\n    exit 1\nfi\n";
			showEnvVarsInLog = 0;
		};
/* End PBXShellScriptBuildPhase section */

/* Begin PBXSourcesBuildPhase section */
		0B89FFA619BE52E90077E029 /* Sources */ = {
			isa = PBXSourcesBuildPhase;
			buildActionMask = 2147483647;
			files = (
				143585CC19CA422C007F03DF /* AMSlideOutGlobals.m in Sources */,
				146A4DF319D182FC00C0182B /* UserInfo.m in Sources */,
				0B89FFBA19BE52E90077E029 /* main.m in Sources */,
				146A4DFD19D40D6900C0182B /* EADImagePickerViewController.m in Sources */,
				143585EC19CA57BF007F03DF /* EADInboxViewController.m in Sources */,
				1412AAB419CAE13F008052B5 /* URLRequest.m in Sources */,
				0B89FFC419BE52E90077E029 /* EADViewController.m in Sources */,
				1412AAAE19CADF6B008052B5 /* Postman.m in Sources */,
				1412AAB119CADFA1008052B5 /* Constants.m in Sources */,
				0B89FFBE19BE52E90077E029 /* EADAppDelegate.m in Sources */,
				143585CE19CA422C007F03DF /* AMSlideTableCell.m in Sources */,
				143585CD19CA422C007F03DF /* AMSlideOutNavigationController.m in Sources */,
				146A4DF619D213E100C0182B /* EADInterestsViewController.m in Sources */,
				0B7C9BE419C507E700BD6772 /* EADMapViewController.m in Sources */,
				143585CF19CA422C007F03DF /* AMSlideTableHeader.m in Sources */,
				143585E319CA5786007F03DF /* EADEventsViewController.m in Sources */,
				143585E619CA5796007F03DF /* EADGroupsViewController.m in Sources */,
				143585D019CA422C007F03DF /* AMTableView.m in Sources */,
				143585E919CA57AE007F03DF /* EADProfileViewController.m in Sources */,
			);
			runOnlyForDeploymentPostprocessing = 0;
		};
		0B89FFC719BE52E90077E029 /* Sources */ = {
			isa = PBXSourcesBuildPhase;
			buildActionMask = 2147483647;
			files = (
				0B89FFD919BE52EA0077E029 /* LiveNowTests.m in Sources */,
			);
			runOnlyForDeploymentPostprocessing = 0;
		};
/* End PBXSourcesBuildPhase section */

/* Begin PBXTargetDependency section */
		0B89FFD119BE52E90077E029 /* PBXTargetDependency */ = {
			isa = PBXTargetDependency;
			target = 0B89FFA919BE52E90077E029 /* LiveNow */;
			targetProxy = 0B89FFD019BE52E90077E029 /* PBXContainerItemProxy */;
		};
/* End PBXTargetDependency section */

/* Begin PBXVariantGroup section */
		0B89FFB619BE52E90077E029 /* InfoPlist.strings */ = {
			isa = PBXVariantGroup;
			children = (
				0B89FFB719BE52E90077E029 /* en */,
			);
			name = InfoPlist.strings;
			sourceTree = "<group>";
		};
		0B89FFBF19BE52E90077E029 /* Main.storyboard */ = {
			isa = PBXVariantGroup;
			children = (
				0B89FFC019BE52E90077E029 /* Base */,
			);
			name = Main.storyboard;
			sourceTree = "<group>";
		};
		0B89FFD519BE52E90077E029 /* InfoPlist.strings */ = {
			isa = PBXVariantGroup;
			children = (
				0B89FFD619BE52E90077E029 /* en */,
			);
			name = InfoPlist.strings;
			sourceTree = "<group>";
		};
/* End PBXVariantGroup section */

/* Begin XCBuildConfiguration section */
		0B89FFDA19BE52EA0077E029 /* Debug */ = {
			isa = XCBuildConfiguration;
			buildSettings = {
				ALWAYS_SEARCH_USER_PATHS = NO;
				CLANG_CXX_LANGUAGE_STANDARD = "gnu++0x";
				CLANG_CXX_LIBRARY = "libc++";
				CLANG_ENABLE_MODULES = YES;
				CLANG_ENABLE_OBJC_ARC = YES;
				CLANG_WARN_BOOL_CONVERSION = YES;
				CLANG_WARN_CONSTANT_CONVERSION = YES;
				CLANG_WARN_DIRECT_OBJC_ISA_USAGE = YES_ERROR;
				CLANG_WARN_EMPTY_BODY = YES;
				CLANG_WARN_ENUM_CONVERSION = YES;
				CLANG_WARN_INT_CONVERSION = YES;
				CLANG_WARN_OBJC_ROOT_CLASS = YES_ERROR;
				CLANG_WARN__DUPLICATE_METHOD_MATCH = YES;
				"CODE_SIGN_IDENTITY[sdk=iphoneos*]" = "iPhone Developer";
				COPY_PHASE_STRIP = NO;
				GCC_C_LANGUAGE_STANDARD = gnu99;
				GCC_DYNAMIC_NO_PIC = NO;
				GCC_OPTIMIZATION_LEVEL = 0;
				GCC_PREPROCESSOR_DEFINITIONS = (
					"DEBUG=1",
					"$(inherited)",
				);
				GCC_SYMBOLS_PRIVATE_EXTERN = NO;
				GCC_WARN_64_TO_32_BIT_CONVERSION = YES;
				GCC_WARN_ABOUT_RETURN_TYPE = YES_ERROR;
				GCC_WARN_UNDECLARED_SELECTOR = YES;
				GCC_WARN_UNINITIALIZED_AUTOS = YES_AGGRESSIVE;
				GCC_WARN_UNUSED_FUNCTION = YES;
				GCC_WARN_UNUSED_VARIABLE = YES;
				IPHONEOS_DEPLOYMENT_TARGET = 7.1;
				ONLY_ACTIVE_ARCH = YES;
				SDKROOT = iphoneos;
			};
			name = Debug;
		};
		0B89FFDB19BE52EA0077E029 /* Release */ = {
			isa = XCBuildConfiguration;
			buildSettings = {
				ALWAYS_SEARCH_USER_PATHS = NO;
				CLANG_CXX_LANGUAGE_STANDARD = "gnu++0x";
				CLANG_CXX_LIBRARY = "libc++";
				CLANG_ENABLE_MODULES = YES;
				CLANG_ENABLE_OBJC_ARC = YES;
				CLANG_WARN_BOOL_CONVERSION = YES;
				CLANG_WARN_CONSTANT_CONVERSION = YES;
				CLANG_WARN_DIRECT_OBJC_ISA_USAGE = YES_ERROR;
				CLANG_WARN_EMPTY_BODY = YES;
				CLANG_WARN_ENUM_CONVERSION = YES;
				CLANG_WARN_INT_CONVERSION = YES;
				CLANG_WARN_OBJC_ROOT_CLASS = YES_ERROR;
				CLANG_WARN__DUPLICATE_METHOD_MATCH = YES;
				"CODE_SIGN_IDENTITY[sdk=iphoneos*]" = "iPhone Developer";
				COPY_PHASE_STRIP = YES;
				ENABLE_NS_ASSERTIONS = NO;
				GCC_C_LANGUAGE_STANDARD = gnu99;
				GCC_WARN_64_TO_32_BIT_CONVERSION = YES;
				GCC_WARN_ABOUT_RETURN_TYPE = YES_ERROR;
				GCC_WARN_UNDECLARED_SELECTOR = YES;
				GCC_WARN_UNINITIALIZED_AUTOS = YES_AGGRESSIVE;
				GCC_WARN_UNUSED_FUNCTION = YES;
				GCC_WARN_UNUSED_VARIABLE = YES;
				IPHONEOS_DEPLOYMENT_TARGET = 7.1;
				SDKROOT = iphoneos;
				VALIDATE_PRODUCT = YES;
			};
			name = Release;
		};
		0B89FFDD19BE52EA0077E029 /* Debug */ = {
			isa = XCBuildConfiguration;
			baseConfigurationReference = 71A37F40930C4A9A8C3E9E21 /* Pods.xcconfig */;
			buildSettings = {
				ASSETCATALOG_COMPILER_LAUNCHIMAGE_NAME = LaunchImage;
				FRAMEWORK_SEARCH_PATHS = (
					"$(inherited)",
					/Users/rajivbajaj/Documents/FacebookSDK,
					"$(PROJECT_DIR)",
				);
				GCC_PRECOMPILE_PREFIX_HEADER = YES;
				GCC_PREFIX_HEADER = "LiveNow/LiveNow-Prefix.pch";
				INFOPLIST_FILE = "LiveNow/LiveNow-Info.plist";
				PRODUCT_NAME = "$(TARGET_NAME)";
				WRAPPER_EXTENSION = app;
			};
			name = Debug;
		};
		0B89FFDE19BE52EA0077E029 /* Release */ = {
			isa = XCBuildConfiguration;
			baseConfigurationReference = 71A37F40930C4A9A8C3E9E21 /* Pods.xcconfig */;
			buildSettings = {
				ASSETCATALOG_COMPILER_LAUNCHIMAGE_NAME = LaunchImage;
				FRAMEWORK_SEARCH_PATHS = (
					"$(inherited)",
					/Users/rajivbajaj/Documents/FacebookSDK,
					"$(PROJECT_DIR)",
				);
				GCC_PRECOMPILE_PREFIX_HEADER = YES;
				GCC_PREFIX_HEADER = "LiveNow/LiveNow-Prefix.pch";
				INFOPLIST_FILE = "LiveNow/LiveNow-Info.plist";
				PRODUCT_NAME = "$(TARGET_NAME)";
				WRAPPER_EXTENSION = app;
			};
			name = Release;
		};
		0B89FFE019BE52EA0077E029 /* Debug */ = {
			isa = XCBuildConfiguration;
			buildSettings = {
				BUNDLE_LOADER = "$(BUILT_PRODUCTS_DIR)/LiveNow.app/LiveNow";
				FRAMEWORK_SEARCH_PATHS = (
					"$(SDKROOT)/Developer/Library/Frameworks",
					"$(inherited)",
					"$(DEVELOPER_FRAMEWORKS_DIR)",
				);
				GCC_PRECOMPILE_PREFIX_HEADER = YES;
				GCC_PREFIX_HEADER = "LiveNow/LiveNow-Prefix.pch";
				GCC_PREPROCESSOR_DEFINITIONS = (
					"DEBUG=1",
					"$(inherited)",
				);
				INFOPLIST_FILE = "LiveNowTests/LiveNowTests-Info.plist";
				PRODUCT_NAME = "$(TARGET_NAME)";
				TEST_HOST = "$(BUNDLE_LOADER)";
				WRAPPER_EXTENSION = xctest;
			};
			name = Debug;
		};
		0B89FFE119BE52EA0077E029 /* Release */ = {
			isa = XCBuildConfiguration;
			buildSettings = {
				BUNDLE_LOADER = "$(BUILT_PRODUCTS_DIR)/LiveNow.app/LiveNow";
				FRAMEWORK_SEARCH_PATHS = (
					"$(SDKROOT)/Developer/Library/Frameworks",
					"$(inherited)",
					"$(DEVELOPER_FRAMEWORKS_DIR)",
				);
				GCC_PRECOMPILE_PREFIX_HEADER = YES;
				GCC_PREFIX_HEADER = "LiveNow/LiveNow-Prefix.pch";
				INFOPLIST_FILE = "LiveNowTests/LiveNowTests-Info.plist";
				PRODUCT_NAME = "$(TARGET_NAME)";
				TEST_HOST = "$(BUNDLE_LOADER)";
				WRAPPER_EXTENSION = xctest;
			};
			name = Release;
		};
/* End XCBuildConfiguration section */

/* Begin XCConfigurationList section */
		0B89FFA519BE52E90077E029 /* Build configuration list for PBXProject "LiveNow" */ = {
			isa = XCConfigurationList;
			buildConfigurations = (
				0B89FFDA19BE52EA0077E029 /* Debug */,
				0B89FFDB19BE52EA0077E029 /* Release */,
			);
			defaultConfigurationIsVisible = 0;
			defaultConfigurationName = Release;
		};
		0B89FFDC19BE52EA0077E029 /* Build configuration list for PBXNativeTarget "LiveNow" */ = {
			isa = XCConfigurationList;
			buildConfigurations = (
				0B89FFDD19BE52EA0077E029 /* Debug */,
				0B89FFDE19BE52EA0077E029 /* Release */,
			);
			defaultConfigurationIsVisible = 0;
			defaultConfigurationName = Release;
		};
		0B89FFDF19BE52EA0077E029 /* Build configuration list for PBXNativeTarget "LiveNowTests" */ = {
			isa = XCConfigurationList;
			buildConfigurations = (
				0B89FFE019BE52EA0077E029 /* Debug */,
				0B89FFE119BE52EA0077E029 /* Release */,
			);
			defaultConfigurationIsVisible = 0;
			defaultConfigurationName = Release;
		};
/* End XCConfigurationList section */
	};
	rootObject = 0B89FFA219BE52E90077E029 /* Project object */;
}
